
Microsoft Visual Studio Solution File, Format Version 12.00
# Visual Studio Version 16
VisualStudioVersion = 16.0.33027.164
MinimumVisualStudioVersion = 10.0.40219.1
Project("{FAE04EC0-301F-11D3-BF4B-00C04F79EFBC}") = "CarRental.Server", "CarRental\Server\CarRental.Server.csproj", "{CEC42F32-D770-4594-B0CE-4A3A74F0EC79}"
EndProject
Project("{FAE04EC0-301F-11D3-BF4B-00C04F79EFBC}") = "CarRental.Client", "CarRental\Client\CarRental.Client.csproj", "{73D7F837-0027-4BD0-9A0C-B0DA48230E50}"
EndProject
Project("{FAE04EC0-301F-11D3-BF4B-00C04F79EFBC}") = "CarRental.Shared", "CarRental\Shared\CarRental.Shared.csproj", "{6D985EC5-656D-42DB-8A0D-CABEABBA8370}"
EndProject
Global
	GlobalSection(SolutionConfigurationPlatforms) = preSolution
		Debug|Any CPU = Debug|Any CPU
		Release|Any CPU = Release|Any CPU
	EndGlobalSection
	GlobalSection(ProjectConfigurationPlatforms) = postSolution
		{CEC42F32-D770-4594-B0CE-4A3A74F0EC79}.Debug|Any CPU.ActiveCfg = Debug|Any CPU
		{CEC42F32-D770-4594-B0CE-4A3A74F0EC79}.Debug|Any CPU.Build.0 = Debug|Any CPU
		{CEC42F32-D770-4594-B0CE-4A3A74F0EC79}.Release|Any CPU.ActiveCfg = Release|Any CPU
		{CEC42F32-D770-4594-B0CE-4A3A74F0EC79}.Release|Any CPU.Build.0 = Release|Any CPU
		{73D7F837-0027-4BD0-9A0C-B0DA48230E50}.Debug|Any CPU.ActiveCfg = Debug|Any CPU
		{73D7F837-0027-4BD0-9A0C-B0DA48230E50}.Debug|Any CPU.Build.0 = Debug|Any CPU
		{73D7F837-0027-4BD0-9A0C-B0DA48230E50}.Release|Any CPU.ActiveCfg = Release|Any CPU
		{73D7F837-0027-4BD0-9A0C-B0DA48230E50}.Release|Any CPU.Build.0 = Release|Any CPU
		{6D985EC5-656D-42DB-8A0D-CABEABBA8370}.Debug|Any CPU.ActiveCfg = Debug|Any CPU
		{6D985EC5-656D-42DB-8A0D-CABEABBA8370}.Debug|Any CPU.Build.0 = Debug|Any CPU
		{6D985EC5-656D-42DB-8A0D-CABEABBA8370}.Release|Any CPU.ActiveCfg = Release|Any CPU
		{6D985EC5-656D-42DB-8A0D-CABEABBA8370}.Release|Any CPU.Build.0 = Release|Any CPU
	EndGlobalSection
	GlobalSection(SolutionProperties) = preSolution
		HideSolutionNode = FALSE
	EndGlobalSection
	GlobalSection(ExtensibilityGlobals) = postSolution
		SolutionGuid = {4A9C56A4-2FEF-4E36-A7DD-167B0BD576B2}
	EndGlobalSection
EndGlobal
